PODS:
  - ReachabilitySwift (5.0.0)

DEPENDENCIES:
  - ReachabilitySwift

SPEC REPOS:
  https://github.com/CocoaPods/Specs.git:
    - ReachabilitySwift

SPEC CHECKSUMS:
  ReachabilitySwift: 985039c6f7b23a1da463388634119492ff86c825

PODFILE CHECKSUM: b477b09d587fc850bc8f05b74b924fc3884bdbac

COCOAPODS: 1.8.4
