// !$*UTF8*$!
{
	archiveVersion = 1;
	classes = {
	};
	objectVersion = 51;
	objects = {

/* Begin PBXBuildFile section */
		6DFAB14BE6CF5342555C2B96 /* Response.swift in Sources */ = {isa = PBXBuildFile; fileRef = 6DFAB6D1EE2ACF7253CAAD48 /* Response.swift */; };
		6DFAB5D18F68D5462B977E1F /* Result.swift in Sources */ = {isa = PBXBuildFile; fileRef = 6DFAB08150882FAAC268959B /* Result.swift */; };
		6DFABAD74475E5376FCE5478 /* NetworkDefine.swift in Sources */ = {isa = PBXBuildFile; fileRef = 6DFAB101BEB5FB8526020C39 /* NetworkDefine.swift */; };
		6DFABC71D5F596213C82FF74 /* NetworkHelp.swift in Sources */ = {isa = PBXBuildFile; fileRef = 6DFAB3D7820CBAA26A5591FF /* NetworkHelp.swift */; };
		6DFABDBAE44D881A8D77F35D /* Util.swift in Sources */ = {isa = PBXBuildFile; fileRef = 6DFAB4140F9DE072495BEB6E /* Util.swift */; };
		6DFABF8E0EA1ABFC27FBDF0D /* RequestManager.swift in Sources */ = {isa = PBXBuildFile; fileRef = 6DFAB07E10B4EB0A4B9D3CE6 /* RequestManager.swift */; };
		84589025051352CAD1E67C08 /* Pods_AppSearcher.framework in Frameworks */ = {isa = PBXBuildFile; fileRef = ECC37663F62207A57F9B728C /* Pods_AppSearcher.framework */; };
		E30E046023F68B4C0055569C /* AppDelegate.swift in Sources */ = {isa = PBXBuildFile; fileRef = E30E045F23F68B4C0055569C /* AppDelegate.swift */; };
		E30E046423F68B4C0055569C /* MainViewController.swift in Sources */ = {isa = PBXBuildFile; fileRef = E30E046323F68B4C0055569C /* MainViewController.swift */; };
		E30E046723F68B4C0055569C /* Main.storyboard in Resources */ = {isa = PBXBuildFile; fileRef = E30E046523F68B4C0055569C /* Main.storyboard */; };
		E30E046923F68B4C0055569C /* Assets.xcassets in Resources */ = {isa = PBXBuildFile; fileRef = E30E046823F68B4C0055569C /* Assets.xcassets */; };
		E30E046C23F68B4C0055569C /* LaunchScreen.storyboard in Resources */ = {isa = PBXBuildFile; fileRef = E30E046A23F68B4C0055569C /* LaunchScreen.storyboard */; };
		E31D705E23F8A3C100A35942 /* BaseViewController.swift in Sources */ = {isa = PBXBuildFile; fileRef = E31D705D23F8A3C100A35942 /* BaseViewController.swift */; };
		E31D706223F9ED8400A35942 /* AppSimpleInfoCell.swift in Sources */ = {isa = PBXBuildFile; fileRef = E31D706023F9ED8400A35942 /* AppSimpleInfoCell.swift */; };
		E31D706323F9ED8400A35942 /* AppSimpleInfoCell.xib in Resources */ = {isa = PBXBuildFile; fileRef = E31D706123F9ED8400A35942 /* AppSimpleInfoCell.xib */; };
		E31D706623FA57E000A35942 /* BorderView.swift in Sources */ = {isa = PBXBuildFile; fileRef = E31D706523FA57E000A35942 /* BorderView.swift */; };
		E38DCC5523FA99F4007831A7 /* BaseNaviController.swift in Sources */ = {isa = PBXBuildFile; fileRef = E38DCC5423FA99F4007831A7 /* BaseNaviController.swift */; };
		E38DCC5823FAFDC0007831A7 /* BlankCell.swift in Sources */ = {isa = PBXBuildFile; fileRef = E38DCC5623FAFDC0007831A7 /* BlankCell.swift */; };
		E38DCC5923FAFDC0007831A7 /* BlankCell.xib in Resources */ = {isa = PBXBuildFile; fileRef = E38DCC5723FAFDC0007831A7 /* BlankCell.xib */; };
/* End PBXBuildFile section */

/* Begin PBXFileReference section */
		42CC79532866B676890BC3C8 /* Pods-AppSearcher.debug.xcconfig */ = {isa = PBXFileReference; includeInIndex = 1; lastKnownFileType = text.xcconfig; name = "Pods-AppSearcher.debug.xcconfig"; path = "Target Support Files/Pods-AppSearcher/Pods-AppSearcher.debug.xcconfig"; sourceTree = "<group>"; };
		6DFAB07E10B4EB0A4B9D3CE6 /* RequestManager.swift */ = {isa = PBXFileReference; fileEncoding = 4; lastKnownFileType = sourcecode.swift; path = RequestManager.swift; sourceTree = "<group>"; };
		6DFAB08150882FAAC268959B /* Result.swift */ = {isa = PBXFileReference; fileEncoding = 4; lastKnownFileType = sourcecode.swift; path = Result.swift; sourceTree = "<group>"; };
		6DFAB101BEB5FB8526020C39 /* NetworkDefine.swift */ = {isa = PBXFileReference; fileEncoding = 4; lastKnownFileType = sourcecode.swift; path = NetworkDefine.swift; sourceTree = "<group>"; };
		6DFAB3D7820CBAA26A5591FF /* NetworkHelp.swift */ = {isa = PBXFileReference; fileEncoding = 4; lastKnownFileType = sourcecode.swift; path = NetworkHelp.swift; sourceTree = "<group>"; };
		6DFAB4140F9DE072495BEB6E /* Util.swift */ = {isa = PBXFileReference; fileEncoding = 4; lastKnownFileType = sourcecode.swift; path = Util.swift; sourceTree = "<group>"; };
		6DFAB6D1EE2ACF7253CAAD48 /* Response.swift */ = {isa = PBXFileReference; fileEncoding = 4; lastKnownFileType = sourcecode.swift; path = Response.swift; sourceTree = "<group>"; };
		AFAB15C9EFAB58AEACF6334B /* Pods-AppSearcher.release.xcconfig */ = {isa = PBXFileReference; includeInIndex = 1; lastKnownFileType = text.xcconfig; name = "Pods-AppSearcher.release.xcconfig"; path = "Target Support Files/Pods-AppSearcher/Pods-AppSearcher.release.xcconfig"; sourceTree = "<group>"; };
		E30E045C23F68B4C0055569C /* AppSearcher.app */ = {isa = PBXFileReference; explicitFileType = wrapper.application; includeInIndex = 0; path = AppSearcher.app; sourceTree = BUILT_PRODUCTS_DIR; };
		E30E045F23F68B4C0055569C /* AppDelegate.swift */ = {isa = PBXFileReference; lastKnownFileType = sourcecode.swift; path = AppDelegate.swift; sourceTree = "<group>"; };
		E30E046323F68B4C0055569C /* MainViewController.swift */ = {isa = PBXFileReference; lastKnownFileType = sourcecode.swift; path = MainViewController.swift; sourceTree = "<group>"; };
		E30E046623F68B4C0055569C /* Base */ = {isa = PBXFileReference; lastKnownFileType = file.storyboard; name = Base; path = Base.lproj/Main.storyboard; sourceTree = "<group>"; };
		E30E046823F68B4C0055569C /* Assets.xcassets */ = {isa = PBXFileReference; lastKnownFileType = folder.assetcatalog; path = Assets.xcassets; sourceTree = "<group>"; };
		E30E046B23F68B4C0055569C /* Base */ = {isa = PBXFileReference; lastKnownFileType = file.storyboard; name = Base; path = Base.lproj/LaunchScreen.storyboard; sourceTree = "<group>"; };
		E30E046D23F68B4C0055569C /* Info.plist */ = {isa = PBXFileReference; lastKnownFileType = text.plist.xml; path = Info.plist; sourceTree = "<group>"; };
		E31D705D23F8A3C100A35942 /* BaseViewController.swift */ = {isa = PBXFileReference; lastKnownFileType = sourcecode.swift; path = BaseViewController.swift; sourceTree = "<group>"; };
		E31D706023F9ED8400A35942 /* AppSimpleInfoCell.swift */ = {isa = PBXFileReference; lastKnownFileType = sourcecode.swift; path = AppSimpleInfoCell.swift; sourceTree = "<group>"; };
		E31D706123F9ED8400A35942 /* AppSimpleInfoCell.xib */ = {isa = PBXFileReference; lastKnownFileType = file.xib; path = AppSimpleInfoCell.xib; sourceTree = "<group>"; };
		E31D706523FA57E000A35942 /* BorderView.swift */ = {isa = PBXFileReference; lastKnownFileType = sourcecode.swift; path = BorderView.swift; sourceTree = "<group>"; };
		E38DCC5423FA99F4007831A7 /* BaseNaviController.swift */ = {isa = PBXFileReference; lastKnownFileType = sourcecode.swift; path = BaseNaviController.swift; sourceTree = "<group>"; };
		E38DCC5623FAFDC0007831A7 /* BlankCell.swift */ = {isa = PBXFileReference; lastKnownFileType = sourcecode.swift; path = BlankCell.swift; sourceTree = "<group>"; };
		E38DCC5723FAFDC0007831A7 /* BlankCell.xib */ = {isa = PBXFileReference; lastKnownFileType = file.xib; path = BlankCell.xib; sourceTree = "<group>"; };
		ECC37663F62207A57F9B728C /* Pods_AppSearcher.framework */ = {isa = PBXFileReference; explicitFileType = wrapper.framework; includeInIndex = 0; path = Pods_AppSearcher.framework; sourceTree = BUILT_PRODUCTS_DIR; };
/* End PBXFileReference section */

/* Begin PBXFrameworksBuildPhase section */
		E30E045923F68B4C0055569C /* Frameworks */ = {
			isa = PBXFrameworksBuildPhase;
			buildActionMask = 2147483647;
			files = (
				84589025051352CAD1E67C08 /* Pods_AppSearcher.framework in Frameworks */,
			);
			runOnlyForDeploymentPostprocessing = 0;
		};
/* End PBXFrameworksBuildPhase section */

/* Begin PBXGroup section */
		5168D7DF757905198F01BF10 /* Frameworks */ = {
			isa = PBXGroup;
			children = (
				ECC37663F62207A57F9B728C /* Pods_AppSearcher.framework */,
			);
			name = Frameworks;
			sourceTree = "<group>";
		};
		6DFAB15E95554A59B8CF8A9E /* Network */ = {
			isa = PBXGroup;
			children = (
				6DFABDDAF0FF380475E56951 /* Model */,
				6DFAB07E10B4EB0A4B9D3CE6 /* RequestManager.swift */,
				6DFAB3D7820CBAA26A5591FF /* NetworkHelp.swift */,
				6DFAB101BEB5FB8526020C39 /* NetworkDefine.swift */,
			);
			path = Network;
			sourceTree = "<group>";
		};
		6DFAB169FAA61073CDA7BA25 /* Util */ = {
			isa = PBXGroup;
			children = (
				6DFAB4140F9DE072495BEB6E /* Util.swift */,
			);
			path = Util;
			sourceTree = "<group>";
		};
		6DFABDDAF0FF380475E56951 /* Model */ = {
			isa = PBXGroup;
			children = (
				6DFAB6D1EE2ACF7253CAAD48 /* Response.swift */,
				6DFAB08150882FAAC268959B /* Result.swift */,
			);
			path = Model;
			sourceTree = "<group>";
		};
		E30E045323F68B4C0055569C = {
			isa = PBXGroup;
			children = (
				E30E045E23F68B4C0055569C /* AppSearcher */,
				E30E045D23F68B4C0055569C /* Products */,
				F48C374D221A3D7B7257B826 /* Pods */,
				5168D7DF757905198F01BF10 /* Frameworks */,
			);
			sourceTree = "<group>";
		};
		E30E045D23F68B4C0055569C /* Products */ = {
			isa = PBXGroup;
			children = (
				E30E045C23F68B4C0055569C /* AppSearcher.app */,
			);
			name = Products;
			sourceTree = "<group>";
		};
		E30E045E23F68B4C0055569C /* AppSearcher */ = {
			isa = PBXGroup;
			children = (
				E31D705823F6BFF400A35942 /* Manager */,
				E31D705723F6BFEA00A35942 /* View */,
				E30E045F23F68B4C0055569C /* AppDelegate.swift */,
				E30E046523F68B4C0055569C /* Main.storyboard */,
				E30E046823F68B4C0055569C /* Assets.xcassets */,
				E30E046A23F68B4C0055569C /* LaunchScreen.storyboard */,
				E30E046D23F68B4C0055569C /* Info.plist */,
				6DFAB169FAA61073CDA7BA25 /* Util */,
			);
			path = AppSearcher;
			sourceTree = "<group>";
		};
		E31D705723F6BFEA00A35942 /* View */ = {
			isa = PBXGroup;
			children = (
				E31D706423FA57A900A35942 /* Common */,
				E31D705F23F9ECF600A35942 /* Cell */,
				E30E046323F68B4C0055569C /* MainViewController.swift */,
				E31D705D23F8A3C100A35942 /* BaseViewController.swift */,
				E38DCC5423FA99F4007831A7 /* BaseNaviController.swift */,
			);
			path = View;
			sourceTree = "<group>";
		};
		E31D705823F6BFF400A35942 /* Manager */ = {
			isa = PBXGroup;
			children = (
				6DFAB15E95554A59B8CF8A9E /* Network */,
			);
			path = Manager;
			sourceTree = "<group>";
		};
		E31D705F23F9ECF600A35942 /* Cell */ = {
			isa = PBXGroup;
			children = (
				E31D706023F9ED8400A35942 /* AppSimpleInfoCell.swift */,
				E31D706123F9ED8400A35942 /* AppSimpleInfoCell.xib */,
				E38DCC5623FAFDC0007831A7 /* BlankCell.swift */,
				E38DCC5723FAFDC0007831A7 /* BlankCell.xib */,
			);
			path = Cell;
			sourceTree = "<group>";
		};
		E31D706423FA57A900A35942 /* Common */ = {
			isa = PBXGroup;
			children = (
				E31D706523FA57E000A35942 /* BorderView.swift */,
			);
			path = Common;
			sourceTree = "<group>";
		};
		F48C374D221A3D7B7257B826 /* Pods */ = {
			isa = PBXGroup;
			children = (
				42CC79532866B676890BC3C8 /* Pods-AppSearcher.debug.xcconfig */,
				AFAB15C9EFAB58AEACF6334B /* Pods-AppSearcher.release.xcconfig */,
			);
			path = Pods;
			sourceTree = "<group>";
		};
/* End PBXGroup section */

/* Begin PBXNativeTarget section */
		E30E045B23F68B4C0055569C /* AppSearcher */ = {
			isa = PBXNativeTarget;
			buildConfigurationList = E30E047023F68B4C0055569C /* Build configuration list for PBXNativeTarget "AppSearcher" */;
			buildPhases = (
				1890A81FC2BEF48E02C37E28 /* [CP] Check Pods Manifest.lock */,
				E30E045823F68B4C0055569C /* Sources */,
				E30E045923F68B4C0055569C /* Frameworks */,
				E30E045A23F68B4C0055569C /* Resources */,
				8B413860FB7B5EC4AF91ACBA /* [CP] Embed Pods Frameworks */,
			);
			buildRules = (
			);
			dependencies = (
			);
			name = AppSearcher;
			productName = AppSearcher;
			productReference = E30E045C23F68B4C0055569C /* AppSearcher.app */;
			productType = "com.apple.product-type.application";
		};
/* End PBXNativeTarget section */

/* Begin PBXProject section */
		E30E045423F68B4C0055569C /* Project object */ = {
			isa = PBXProject;
			attributes = {
				LastSwiftUpdateCheck = 1130;
				LastUpgradeCheck = 1130;
				ORGANIZATIONNAME = "JinSung Lee";
				TargetAttributes = {
					E30E045B23F68B4C0055569C = {
						CreatedOnToolsVersion = 11.3.1;
					};
				};
			};
			buildConfigurationList = E30E045723F68B4C0055569C /* Build configuration list for PBXProject "AppSearcher" */;
			compatibilityVersion = "Xcode 9.3";
			developmentRegion = en;
			hasScannedForEncodings = 0;
			knownRegions = (
				en,
				Base,
			);
			mainGroup = E30E045323F68B4C0055569C;
			productRefGroup = E30E045D23F68B4C0055569C /* Products */;
			projectDirPath = "";
			projectRoot = "";
			targets = (
				E30E045B23F68B4C0055569C /* AppSearcher */,
			);
		};
/* End PBXProject section */

/* Begin PBXResourcesBuildPhase section */
		E30E045A23F68B4C0055569C /* Resources */ = {
			isa = PBXResourcesBuildPhase;
			buildActionMask = 2147483647;
			files = (
				E30E046C23F68B4C0055569C /* LaunchScreen.storyboard in Resources */,
				E31D706323F9ED8400A35942 /* AppSimpleInfoCell.xib in Resources */,
				E38DCC5923FAFDC0007831A7 /* BlankCell.xib in Resources */,
				E30E046923F68B4C0055569C /* Assets.xcassets in Resources */,
				E30E046723F68B4C0055569C /* Main.storyboard in Resources */,
			);
			runOnlyForDeploymentPostprocessing = 0;
		};
/* End PBXResourcesBuildPhase section */

/* Begin PBXShellScriptBuildPhase section */
		1890A81FC2BEF48E02C37E28 /* [CP] Check Pods Manifest.lock */ = {
			isa = PBXShellScriptBuildPhase;
			buildActionMask = 2147483647;
			files = (
			);
			inputFileListPaths = (
			);
			inputPaths = (
				"${PODS_PODFILE_DIR_PATH}/Podfile.lock",
				"${PODS_ROOT}/Manifest.lock",
			);
			name = "[CP] Check Pods Manifest.lock";
			outputFileListPaths = (
			);
			outputPaths = (
				"$(DERIVED_FILE_DIR)/Pods-AppSearcher-checkManifestLockResult.txt",
			);
			runOnlyForDeploymentPostprocessing = 0;
			shellPath = /bin/sh;
			shellScript = "diff \"${PODS_PODFILE_DIR_PATH}/Podfile.lock\" \"${PODS_ROOT}/Manifest.lock\" > /dev/null\nif [ $? != 0 ] ; then\n    # print error to STDERR\n    echo \"error: The sandbox is not in sync with the Podfile.lock. Run 'pod install' or update your CocoaPods installation.\" >&2\n    exit 1\nfi\n# This output is used by Xcode 'outputs' to avoid re-running this script phase.\necho \"SUCCESS\" > \"${SCRIPT_OUTPUT_FILE_0}\"\n";
			showEnvVarsInLog = 0;
		};
		8B413860FB7B5EC4AF91ACBA /* [CP] Embed Pods Frameworks */ = {
			isa = PBXShellScriptBuildPhase;
			buildActionMask = 2147483647;
			files = (
			);
			inputFileListPaths = (
				"${PODS_ROOT}/Target Support Files/Pods-AppSearcher/Pods-AppSearcher-frameworks-${CONFIGURATION}-input-files.xcfilelist",
			);
			name = "[CP] Embed Pods Frameworks";
			outputFileListPaths = (
				"${PODS_ROOT}/Target Support Files/Pods-AppSearcher/Pods-AppSearcher-frameworks-${CONFIGURATION}-output-files.xcfilelist",
			);
			runOnlyForDeploymentPostprocessing = 0;
			shellPath = /bin/sh;
			shellScript = "\"${PODS_ROOT}/Target Support Files/Pods-AppSearcher/Pods-AppSearcher-frameworks.sh\"\n";
			showEnvVarsInLog = 0;
		};
/* End PBXShellScriptBuildPhase section */

/* Begin PBXSourcesBuildPhase section */
		E30E045823F68B4C0055569C /* Sources */ = {
			isa = PBXSourcesBuildPhase;
			buildActionMask = 2147483647;
			files = (
				E30E046423F68B4C0055569C /* MainViewController.swift in Sources */,
				E30E046023F68B4C0055569C /* AppDelegate.swift in Sources */,
				6DFABF8E0EA1ABFC27FBDF0D /* RequestManager.swift in Sources */,
				E38DCC5823FAFDC0007831A7 /* BlankCell.swift in Sources */,
				E31D706223F9ED8400A35942 /* AppSimpleInfoCell.swift in Sources */,
				E31D705E23F8A3C100A35942 /* BaseViewController.swift in Sources */,
				6DFABC71D5F596213C82FF74 /* NetworkHelp.swift in Sources */,
				E31D706623FA57E000A35942 /* BorderView.swift in Sources */,
				6DFABAD74475E5376FCE5478 /* NetworkDefine.swift in Sources */,
				E38DCC5523FA99F4007831A7 /* BaseNaviController.swift in Sources */,
				6DFABDBAE44D881A8D77F35D /* Util.swift in Sources */,
				6DFAB14BE6CF5342555C2B96 /* Response.swift in Sources */,
				6DFAB5D18F68D5462B977E1F /* Result.swift in Sources */,
			);
			runOnlyForDeploymentPostprocessing = 0;
		};
/* End PBXSourcesBuildPhase section */

/* Begin PBXVariantGroup section */
		E30E046523F68B4C0055569C /* Main.storyboard */ = {
			isa = PBXVariantGroup;
			children = (
				E30E046623F68B4C0055569C /* Base */,
			);
			name = Main.storyboard;
			sourceTree = "<group>";
		};
		E30E046A23F68B4C0055569C /* LaunchScreen.storyboard */ = {
			isa = PBXVariantGroup;
			children = (
				E30E046B23F68B4C0055569C /* Base */,
			);
			name = LaunchScreen.storyboard;
			sourceTree = "<group>";
		};
/* End PBXVariantGroup section */

/* Begin XCBuildConfiguration section */
		E30E046E23F68B4C0055569C /* Debug */ = {
			isa = XCBuildConfiguration;
			buildSettings = {
				ALWAYS_SEARCH_USER_PATHS = NO;
				CLANG_ANALYZER_NONNULL = YES;
				CLANG_ANALYZER_NUMBER_OBJECT_CONVERSION = YES_AGGRESSIVE;
				CLANG_CXX_LANGUAGE_STANDARD = "gnu++14";
				CLANG_CXX_LIBRARY = "libc++";
				CLANG_ENABLE_MODULES = YES;
				CLANG_ENABLE_OBJC_ARC = YES;
				CLANG_ENABLE_OBJC_WEAK = YES;
				CLANG_WARN_BLOCK_CAPTURE_AUTORELEASING = YES;
				CLANG_WARN_BOOL_CONVERSION = YES;
				CLANG_WARN_COMMA = YES;
				CLANG_WARN_CONSTANT_CONVERSION = YES;
				CLANG_WARN_DEPRECATED_OBJC_IMPLEMENTATIONS = YES;
				CLANG_WARN_DIRECT_OBJC_ISA_USAGE = YES_ERROR;
				CLANG_WARN_DOCUMENTATION_COMMENTS = YES;
				CLANG_WARN_EMPTY_BODY = YES;
				CLANG_WARN_ENUM_CONVERSION = YES;
				CLANG_WARN_INFINITE_RECURSION = YES;
				CLANG_WARN_INT_CONVERSION = YES;
				CLANG_WARN_NON_LITERAL_NULL_CONVERSION = YES;
				CLANG_WARN_OBJC_IMPLICIT_RETAIN_SELF = YES;
				CLANG_WARN_OBJC_LITERAL_CONVERSION = YES;
				CLANG_WARN_OBJC_ROOT_CLASS = YES_ERROR;
				CLANG_WARN_RANGE_LOOP_ANALYSIS = YES;
				CLANG_WARN_STRICT_PROTOTYPES = YES;
				CLANG_WARN_SUSPICIOUS_MOVE = YES;
				CLANG_WARN_UNGUARDED_AVAILABILITY = YES_AGGRESSIVE;
				CLANG_WARN_UNREACHABLE_CODE = YES;
				CLANG_WARN__DUPLICATE_METHOD_MATCH = YES;
				COPY_PHASE_STRIP = NO;
				DEBUG_INFORMATION_FORMAT = dwarf;
				ENABLE_STRICT_OBJC_MSGSEND = YES;
				ENABLE_TESTABILITY = YES;
				GCC_C_LANGUAGE_STANDARD = gnu11;
				GCC_DYNAMIC_NO_PIC = NO;
				GCC_NO_COMMON_BLOCKS = YES;
				GCC_OPTIMIZATION_LEVEL = 0;
				GCC_PREPROCESSOR_DEFINITIONS = (
					"DEBUG=1",
					"$(inherited)",
				);
				GCC_WARN_64_TO_32_BIT_CONVERSION = YES;
				GCC_WARN_ABOUT_RETURN_TYPE = YES_ERROR;
				GCC_WARN_UNDECLARED_SELECTOR = YES;
				GCC_WARN_UNINITIALIZED_AUTOS = YES_AGGRESSIVE;
				GCC_WARN_UNUSED_FUNCTION = YES;
				GCC_WARN_UNUSED_VARIABLE = YES;
				IPHONEOS_DEPLOYMENT_TARGET = 13.2;
				MTL_ENABLE_DEBUG_INFO = INCLUDE_SOURCE;
				MTL_FAST_MATH = YES;
				ONLY_ACTIVE_ARCH = YES;
				SDKROOT = iphoneos;
				SWIFT_ACTIVE_COMPILATION_CONDITIONS = DEBUG;
				SWIFT_OPTIMIZATION_LEVEL = "-Onone";
			};
			name = Debug;
		};
		E30E046F23F68B4C0055569C /* Release */ = {
			isa = XCBuildConfiguration;
			buildSettings = {
				ALWAYS_SEARCH_USER_PATHS = NO;
				CLANG_ANALYZER_NONNULL = YES;
				CLANG_ANALYZER_NUMBER_OBJECT_CONVERSION = YES_AGGRESSIVE;
				CLANG_CXX_LANGUAGE_STANDARD = "gnu++14";
				CLANG_CXX_LIBRARY = "libc++";
				CLANG_ENABLE_MODULES = YES;
				CLANG_ENABLE_OBJC_ARC = YES;
				CLANG_ENABLE_OBJC_WEAK = YES;
				CLANG_WARN_BLOCK_CAPTURE_AUTORELEASING = YES;
				CLANG_WARN_BOOL_CONVERSION = YES;
				CLANG_WARN_COMMA = YES;
				CLANG_WARN_CONSTANT_CONVERSION = YES;
				CLANG_WARN_DEPRECATED_OBJC_IMPLEMENTATIONS = YES;
				CLANG_WARN_DIRECT_OBJC_ISA_USAGE = YES_ERROR;
				CLANG_WARN_DOCUMENTATION_COMMENTS = YES;
				CLANG_WARN_EMPTY_BODY = YES;
				CLANG_WARN_ENUM_CONVERSION = YES;
				CLANG_WARN_INFINITE_RECURSION = YES;
				CLANG_WARN_INT_CONVERSION = YES;
				CLANG_WARN_NON_LITERAL_NULL_CONVERSION = YES;
				CLANG_WARN_OBJC_IMPLICIT_RETAIN_SELF = YES;
				CLANG_WARN_OBJC_LITERAL_CONVERSION = YES;
				CLANG_WARN_OBJC_ROOT_CLASS = YES_ERROR;
				CLANG_WARN_RANGE_LOOP_ANALYSIS = YES;
				CLANG_WARN_STRICT_PROTOTYPES = YES;
				CLANG_WARN_SUSPICIOUS_MOVE = YES;
				CLANG_WARN_UNGUARDED_AVAILABILITY = YES_AGGRESSIVE;
				CLANG_WARN_UNREACHABLE_CODE = YES;
				CLANG_WARN__DUPLICATE_METHOD_MATCH = YES;
				COPY_PHASE_STRIP = NO;
				DEBUG_INFORMATION_FORMAT = "dwarf-with-dsym";
				ENABLE_NS_ASSERTIONS = NO;
				ENABLE_STRICT_OBJC_MSGSEND = YES;
				GCC_C_LANGUAGE_STANDARD = gnu11;
				GCC_NO_COMMON_BLOCKS = YES;
				GCC_WARN_64_TO_32_BIT_CONVERSION = YES;
				GCC_WARN_ABOUT_RETURN_TYPE = YES_ERROR;
				GCC_WARN_UNDECLARED_SELECTOR = YES;
				GCC_WARN_UNINITIALIZED_AUTOS = YES_AGGRESSIVE;
				GCC_WARN_UNUSED_FUNCTION = YES;
				GCC_WARN_UNUSED_VARIABLE = YES;
				IPHONEOS_DEPLOYMENT_TARGET = 13.2;
				MTL_ENABLE_DEBUG_INFO = NO;
				MTL_FAST_MATH = YES;
				SDKROOT = iphoneos;
				SWIFT_COMPILATION_MODE = wholemodule;
				SWIFT_OPTIMIZATION_LEVEL = "-O";
				VALIDATE_PRODUCT = YES;
			};
			name = Release;
		};
		E30E047123F68B4C0055569C /* Debug */ = {
			isa = XCBuildConfiguration;
			baseConfigurationReference = 42CC79532866B676890BC3C8 /* Pods-AppSearcher.debug.xcconfig */;
			buildSettings = {
				ASSETCATALOG_COMPILER_APPICON_NAME = AppIcon;
				CODE_SIGN_STYLE = Automatic;
				DEVELOPMENT_TEAM = STFT9V5W5K;
				INFOPLIST_FILE = AppSearcher/Info.plist;
				IPHONEOS_DEPLOYMENT_TARGET = 10.0;
				LD_RUNPATH_SEARCH_PATHS = (
					"$(inherited)",
					"@executable_path/Frameworks",
				);
				PRODUCT_BUNDLE_IDENTIFIER = com.truesage.AppSearcher;
				PRODUCT_NAME = "$(TARGET_NAME)";
				SWIFT_VERSION = 5.0;
				TARGETED_DEVICE_FAMILY = 1;
			};
			name = Debug;
		};
		E30E047223F68B4C0055569C /* Release */ = {
			isa = XCBuildConfiguration;
			baseConfigurationReference = AFAB15C9EFAB58AEACF6334B /* Pods-AppSearcher.release.xcconfig */;
			buildSettings = {
				ASSETCATALOG_COMPILER_APPICON_NAME = AppIcon;
				CODE_SIGN_STYLE = Automatic;
				DEVELOPMENT_TEAM = STFT9V5W5K;
				INFOPLIST_FILE = AppSearcher/Info.plist;
				IPHONEOS_DEPLOYMENT_TARGET = 10.0;
				LD_RUNPATH_SEARCH_PATHS = (
					"$(inherited)",
					"@executable_path/Frameworks",
				);
				PRODUCT_BUNDLE_IDENTIFIER = com.truesage.AppSearcher;
				PRODUCT_NAME = "$(TARGET_NAME)";
				SWIFT_VERSION = 5.0;
				TARGETED_DEVICE_FAMILY = 1;
			};
			name = Release;
		};
/* End XCBuildConfiguration section */

/* Begin XCConfigurationList section */
		E30E045723F68B4C0055569C /* Build configuration list for PBXProject "AppSearcher" */ = {
			isa = XCConfigurationList;
			buildConfigurations = (
				E30E046E23F68B4C0055569C /* Debug */,
				E30E046F23F68B4C0055569C /* Release */,
			);
			defaultConfigurationIsVisible = 0;
			defaultConfigurationName = Release;
		};
		E30E047023F68B4C0055569C /* Build configuration list for PBXNativeTarget "AppSearcher" */ = {
			isa = XCConfigurationList;
			buildConfigurations = (
				E30E047123F68B4C0055569C /* Debug */,
				E30E047223F68B4C0055569C /* Release */,
			);
			defaultConfigurationIsVisible = 0;
			defaultConfigurationName = Release;
		};
/* End XCConfigurationList section */
	};
	rootObject = E30E045423F68B4C0055569C /* Project object */;
}
